
Microsoft Visual Studio Solution File, Format Version 12.00
# Visual Studio Version 16
VisualStudioVersion = 16.0.31005.135
MinimumVisualStudioVersion = 10.0.40219.1
Project("{9A19103F-16F7-4668-BE54-9A1E7A4F7556}") = "ShapesInterfaceEdition", "ShapesInterfaceEdition\ShapesInterfaceEdition.csproj", "{AD64AC4B-F5EC-4757-8152-9B61FFA0BC16}"
EndProject
Project("{9A19103F-16F7-4668-BE54-9A1E7A4F7556}") = "ShapeLibrary", "ShapeLibrary\ShapeLibrary.csproj", "{A278AA1E-4B76-4011-9151-24076FCFD0F2}"
EndProject
Global
	GlobalSection(SolutionConfigurationPlatforms) = preSolution
		Debug|Any CPU = Debug|Any CPU
		Release|Any CPU = Release|Any CPU
	EndGlobalSection
	GlobalSection(ProjectConfigurationPlatforms) = postSolution
		{AD64AC4B-F5EC-4757-8152-9B61FFA0BC16}.Debug|Any CPU.ActiveCfg = Debug|Any CPU
		{AD64AC4B-F5EC-4757-8152-9B61FFA0BC16}.Debug|Any CPU.Build.0 = Debug|Any CPU
		{AD64AC4B-F5EC-4757-8152-9B61FFA0BC16}.Release|Any CPU.ActiveCfg = Release|Any CPU
		{AD64AC4B-F5EC-4757-8152-9B61FFA0BC16}.Release|Any CPU.Build.0 = Release|Any CPU
		{A278AA1E-4B76-4011-9151-24076FCFD0F2}.Debug|Any CPU.ActiveCfg = Debug|Any CPU
		{A278AA1E-4B76-4011-9151-24076FCFD0F2}.Debug|Any CPU.Build.0 = Debug|Any CPU
		{A278AA1E-4B76-4011-9151-24076FCFD0F2}.Release|Any CPU.ActiveCfg = Release|Any CPU
		{A278AA1E-4B76-4011-9151-24076FCFD0F2}.Release|Any CPU.Build.0 = Release|Any CPU
	EndGlobalSection
	GlobalSection(SolutionProperties) = preSolution
		HideSolutionNode = FALSE
	EndGlobalSection
	GlobalSection(ExtensibilityGlobals) = postSolution
		SolutionGuid = {E0BC2152-09AE-4134-93D2-8A04130C7023}
	EndGlobalSection
EndGlobal
